
Microsoft Visual Studio Solution File, Format Version 12.00
# Visual Studio Version 16
VisualStudioVersion = 16.0.28803.352
MinimumVisualStudioVersion = 10.0.40219.1
Project("{9A19103F-16F7-4668-BE54-9A1E7A4F7556}") = "Pype", "src\Pype\Pype.csproj", "{322F3805-B4EC-4ACE-ADCE-3202E8510176}"
EndProject
Project("{9A19103F-16F7-4668-BE54-9A1E7A4F7556}") = "Pype.Sandbox", "tests\Pype.Sandbox\Pype.Sandbox.csproj", "{8C4AF8CD-A07F-418B-8537-8D496C3B21F2}"
EndProject
Project("{9A19103F-16F7-4668-BE54-9A1E7A4F7556}") = "Pype.Validation", "src\Pype.Validation\Pype.Validation.csproj", "{D8A302B5-AE1C-4F46-A377-42CD712C86EA}"
EndProject
Project("{9A19103F-16F7-4668-BE54-9A1E7A4F7556}") = "Pype.Benchmarks", "tests\Pype.Benchmark\Pype.Benchmarks.csproj", "{A7C7252B-D580-4DFB-AAC8-BC17316D0FE3}"
EndProject
Project("{9A19103F-16F7-4668-BE54-9A1E7A4F7556}") = "Pype.Tests", "tests\Pype.Tests\Pype.Tests.csproj", "{668092A0-84EE-4089-B093-87321B559223}"
EndProject
Project("{9A19103F-16F7-4668-BE54-9A1E7A4F7556}") = "Pype.Validation.Tests", "tests\Pype.Validation.Tests\Pype.Validation.Tests.csproj", "{5AB2C888-DE0A-4007-A8EA-6DD9719853A3}"
EndProject
Project("{2150E333-8FDC-42A3-9474-1A3956D46DE8}") = "Solution Items", "Solution Items", "{303365E1-5845-498B-8AB5-74729D361A38}"
	ProjectSection(SolutionItems) = preProject
		.editorconfig = .editorconfig
		.gitignore = .gitignore
		Directory.Build.props = Directory.Build.props
		LICENSE = LICENSE
		README.md = README.md
	EndProjectSection
EndProject
Project("{2150E333-8FDC-42A3-9474-1A3956D46DE8}") = "publish", "publish", "{32E78D48-CF97-493B-8C01-4E9F8D2B3530}"
	ProjectSection(SolutionItems) = preProject
		publish\azure-pipelines-beta.yml = publish\azure-pipelines-beta.yml
		publish\azure-pipelines-develop.yml = publish\azure-pipelines-develop.yml
		publish\azure-pipelines-release.yml = publish\azure-pipelines-release.yml
	EndProjectSection
EndProject
Project("{2150E333-8FDC-42A3-9474-1A3956D46DE8}") = "src", "src", "{9A08AE9A-5B57-4EE7-A308-525A1203FBC7}"
	ProjectSection(SolutionItems) = preProject
		src\Directory.Build.props = src\Directory.Build.props
	EndProjectSection
EndProject
Project("{2150E333-8FDC-42A3-9474-1A3956D46DE8}") = "tests", "tests", "{2B44FDD8-39BB-466D-83D4-59A7DDF3B28A}"
	ProjectSection(SolutionItems) = preProject
		tests\Directory.Build.props = tests\Directory.Build.props
	EndProjectSection
EndProject
Project("{2150E333-8FDC-42A3-9474-1A3956D46DE8}") = "Validation", "Validation", "{AB2DF734-A091-4FCD-B292-AEA1A1EFF916}"
EndProject
Project("{9A19103F-16F7-4668-BE54-9A1E7A4F7556}") = "Pype.Validation.Abstractions.Tests", "tests\Pype.Validation.Abstractions.Tests\Pype.Validation.Abstractions.Tests.csproj", "{8D2B4084-30EE-49D1-9B7F-1F1A5B855295}"
EndProject
Project("{9A19103F-16F7-4668-BE54-9A1E7A4F7556}") = "Pype.Validation.Abstractions", "src\Pype.Validation.Abstractions\Pype.Validation.Abstractions.csproj", "{B1400377-3330-4FEF-9866-AE992D3BDC41}"
EndProject
Global
	GlobalSection(SolutionConfigurationPlatforms) = preSolution
		Debug|Any CPU = Debug|Any CPU
		Release|Any CPU = Release|Any CPU
	EndGlobalSection
	GlobalSection(ProjectConfigurationPlatforms) = postSolution
		{322F3805-B4EC-4ACE-ADCE-3202E8510176}.Debug|Any CPU.ActiveCfg = Debug|Any CPU
		{322F3805-B4EC-4ACE-ADCE-3202E8510176}.Debug|Any CPU.Build.0 = Debug|Any CPU
		{322F3805-B4EC-4ACE-ADCE-3202E8510176}.Release|Any CPU.ActiveCfg = Release|Any CPU
		{322F3805-B4EC-4ACE-ADCE-3202E8510176}.Release|Any CPU.Build.0 = Release|Any CPU
		{8C4AF8CD-A07F-418B-8537-8D496C3B21F2}.Debug|Any CPU.ActiveCfg = Debug|Any CPU
		{8C4AF8CD-A07F-418B-8537-8D496C3B21F2}.Debug|Any CPU.Build.0 = Debug|Any CPU
		{8C4AF8CD-A07F-418B-8537-8D496C3B21F2}.Release|Any CPU.ActiveCfg = Release|Any CPU
		{8C4AF8CD-A07F-418B-8537-8D496C3B21F2}.Release|Any CPU.Build.0 = Release|Any CPU
		{D8A302B5-AE1C-4F46-A377-42CD712C86EA}.Debug|Any CPU.ActiveCfg = Debug|Any CPU
		{D8A302B5-AE1C-4F46-A377-42CD712C86EA}.Debug|Any CPU.Build.0 = Debug|Any CPU
		{D8A302B5-AE1C-4F46-A377-42CD712C86EA}.Release|Any CPU.ActiveCfg = Release|Any CPU
		{D8A302B5-AE1C-4F46-A377-42CD712C86EA}.Release|Any CPU.Build.0 = Release|Any CPU
		{A7C7252B-D580-4DFB-AAC8-BC17316D0FE3}.Debug|Any CPU.ActiveCfg = Debug|Any CPU
		{A7C7252B-D580-4DFB-AAC8-BC17316D0FE3}.Debug|Any CPU.Build.0 = Debug|Any CPU
		{A7C7252B-D580-4DFB-AAC8-BC17316D0FE3}.Release|Any CPU.ActiveCfg = Release|Any CPU
		{A7C7252B-D580-4DFB-AAC8-BC17316D0FE3}.Release|Any CPU.Build.0 = Release|Any CPU
		{668092A0-84EE-4089-B093-87321B559223}.Debug|Any CPU.ActiveCfg = Debug|Any CPU
		{668092A0-84EE-4089-B093-87321B559223}.Debug|Any CPU.Build.0 = Debug|Any CPU
		{668092A0-84EE-4089-B093-87321B559223}.Release|Any CPU.ActiveCfg = Release|Any CPU
		{668092A0-84EE-4089-B093-87321B559223}.Release|Any CPU.Build.0 = Release|Any CPU
		{5AB2C888-DE0A-4007-A8EA-6DD9719853A3}.Debug|Any CPU.ActiveCfg = Debug|Any CPU
		{5AB2C888-DE0A-4007-A8EA-6DD9719853A3}.Debug|Any CPU.Build.0 = Debug|Any CPU
		{5AB2C888-DE0A-4007-A8EA-6DD9719853A3}.Release|Any CPU.ActiveCfg = Release|Any CPU
		{5AB2C888-DE0A-4007-A8EA-6DD9719853A3}.Release|Any CPU.Build.0 = Release|Any CPU
		{8D2B4084-30EE-49D1-9B7F-1F1A5B855295}.Debug|Any CPU.ActiveCfg = Debug|Any CPU
		{8D2B4084-30EE-49D1-9B7F-1F1A5B855295}.Debug|Any CPU.Build.0 = Debug|Any CPU
		{8D2B4084-30EE-49D1-9B7F-1F1A5B855295}.Release|Any CPU.ActiveCfg = Release|Any CPU
		{8D2B4084-30EE-49D1-9B7F-1F1A5B855295}.Release|Any CPU.Build.0 = Release|Any CPU
		{B1400377-3330-4FEF-9866-AE992D3BDC41}.Debug|Any CPU.ActiveCfg = Debug|Any CPU
		{B1400377-3330-4FEF-9866-AE992D3BDC41}.Debug|Any CPU.Build.0 = Debug|Any CPU
		{B1400377-3330-4FEF-9866-AE992D3BDC41}.Release|Any CPU.ActiveCfg = Release|Any CPU
		{B1400377-3330-4FEF-9866-AE992D3BDC41}.Release|Any CPU.Build.0 = Release|Any CPU
	EndGlobalSection
	GlobalSection(SolutionProperties) = preSolution
		HideSolutionNode = FALSE
	EndGlobalSection
	GlobalSection(NestedProjects) = preSolution
		{D8A302B5-AE1C-4F46-A377-42CD712C86EA} = {AB2DF734-A091-4FCD-B292-AEA1A1EFF916}
		{5AB2C888-DE0A-4007-A8EA-6DD9719853A3} = {AB2DF734-A091-4FCD-B292-AEA1A1EFF916}
		{32E78D48-CF97-493B-8C01-4E9F8D2B3530} = {303365E1-5845-498B-8AB5-74729D361A38}
		{9A08AE9A-5B57-4EE7-A308-525A1203FBC7} = {303365E1-5845-498B-8AB5-74729D361A38}
		{2B44FDD8-39BB-466D-83D4-59A7DDF3B28A} = {303365E1-5845-498B-8AB5-74729D361A38}
		{8D2B4084-30EE-49D1-9B7F-1F1A5B855295} = {AB2DF734-A091-4FCD-B292-AEA1A1EFF916}
		{B1400377-3330-4FEF-9866-AE992D3BDC41} = {AB2DF734-A091-4FCD-B292-AEA1A1EFF916}
	EndGlobalSection
	GlobalSection(ExtensibilityGlobals) = postSolution
		SolutionGuid = {29790640-855D-4D2D-A4A5-F851C69E597B}
	EndGlobalSection
EndGlobal
