
Microsoft Visual Studio Solution File, Format Version 12.00
# Visual Studio Version 16
VisualStudioVersion = 16.0.28803.352
MinimumVisualStudioVersion = 10.0.40219.1
Project("{9A19103F-16F7-4668-BE54-9A1E7A4F7556}") = "Pype", "src\Pype\Pype.csproj", "{322F3805-B4EC-4ACE-ADCE-3202E8510176}"
EndProject
Project("{9A19103F-16F7-4668-BE54-9A1E7A4F7556}") = "Pype.Sandbox", "src\Pype.Sandbox\Pype.Sandbox.csproj", "{8C4AF8CD-A07F-418B-8537-8D496C3B21F2}"
EndProject
Project("{9A19103F-16F7-4668-BE54-9A1E7A4F7556}") = "Pype.Validation", "src\Pype.Validation\Pype.Validation.csproj", "{D8A302B5-AE1C-4F46-A377-42CD712C86EA}"
EndProject
Project("{9A19103F-16F7-4668-BE54-9A1E7A4F7556}") = "Pype.Benchmarks", "src\Pype.Benchmark\Pype.Benchmarks.csproj", "{A7C7252B-D580-4DFB-AAC8-BC17316D0FE3}"
EndProject
Project("{2150E333-8FDC-42A3-9474-1A3956D46DE8}") = "publish", "publish", "{32E78D48-CF97-493B-8C01-4E9F8D2B3530}"
	ProjectSection(SolutionItems) = preProject
		publish\azure-pipelines-beta.yml = publish\azure-pipelines-beta.yml
		publish\azure-pipelines-develop.yml = publish\azure-pipelines-develop.yml
		publish\azure-pipelines-release.yml = publish\azure-pipelines-release.yml
	EndProjectSection
EndProject
Project("{9A19103F-16F7-4668-BE54-9A1E7A4F7556}") = "Pype.Tests", "src\Pype.Tests\Pype.Tests.csproj", "{668092A0-84EE-4089-B093-87321B559223}"
EndProject
Project("{2150E333-8FDC-42A3-9474-1A3956D46DE8}") = "Solution Items", "Solution Items", "{303365E1-5845-498B-8AB5-74729D361A38}"
	ProjectSection(SolutionItems) = preProject
		.gitignore = .gitignore
		LICENSE = LICENSE
		README.md = README.md
	EndProjectSection
EndProject
Global
	GlobalSection(SolutionConfigurationPlatforms) = preSolution
		Debug|Any CPU = Debug|Any CPU
		Release|Any CPU = Release|Any CPU
	EndGlobalSection
	GlobalSection(ProjectConfigurationPlatforms) = postSolution
		{322F3805-B4EC-4ACE-ADCE-3202E8510176}.Debug|Any CPU.ActiveCfg = Debug|Any CPU
		{322F3805-B4EC-4ACE-ADCE-3202E8510176}.Debug|Any CPU.Build.0 = Debug|Any CPU
		{322F3805-B4EC-4ACE-ADCE-3202E8510176}.Release|Any CPU.ActiveCfg = Release|Any CPU
		{322F3805-B4EC-4ACE-ADCE-3202E8510176}.Release|Any CPU.Build.0 = Release|Any CPU
		{8C4AF8CD-A07F-418B-8537-8D496C3B21F2}.Debug|Any CPU.ActiveCfg = Debug|Any CPU
		{8C4AF8CD-A07F-418B-8537-8D496C3B21F2}.Debug|Any CPU.Build.0 = Debug|Any CPU
		{8C4AF8CD-A07F-418B-8537-8D496C3B21F2}.Release|Any CPU.ActiveCfg = Release|Any CPU
		{8C4AF8CD-A07F-418B-8537-8D496C3B21F2}.Release|Any CPU.Build.0 = Release|Any CPU
		{D8A302B5-AE1C-4F46-A377-42CD712C86EA}.Debug|Any CPU.ActiveCfg = Debug|Any CPU
		{D8A302B5-AE1C-4F46-A377-42CD712C86EA}.Debug|Any CPU.Build.0 = Debug|Any CPU
		{D8A302B5-AE1C-4F46-A377-42CD712C86EA}.Release|Any CPU.ActiveCfg = Release|Any CPU
		{D8A302B5-AE1C-4F46-A377-42CD712C86EA}.Release|Any CPU.Build.0 = Release|Any CPU
		{A7C7252B-D580-4DFB-AAC8-BC17316D0FE3}.Debug|Any CPU.ActiveCfg = Debug|Any CPU
		{A7C7252B-D580-4DFB-AAC8-BC17316D0FE3}.Debug|Any CPU.Build.0 = Debug|Any CPU
		{A7C7252B-D580-4DFB-AAC8-BC17316D0FE3}.Release|Any CPU.ActiveCfg = Release|Any CPU
		{A7C7252B-D580-4DFB-AAC8-BC17316D0FE3}.Release|Any CPU.Build.0 = Release|Any CPU
		{668092A0-84EE-4089-B093-87321B559223}.Debug|Any CPU.ActiveCfg = Debug|Any CPU
		{668092A0-84EE-4089-B093-87321B559223}.Debug|Any CPU.Build.0 = Debug|Any CPU
		{668092A0-84EE-4089-B093-87321B559223}.Release|Any CPU.ActiveCfg = Release|Any CPU
		{668092A0-84EE-4089-B093-87321B559223}.Release|Any CPU.Build.0 = Release|Any CPU
	EndGlobalSection
	GlobalSection(SolutionProperties) = preSolution
		HideSolutionNode = FALSE
	EndGlobalSection
	GlobalSection(NestedProjects) = preSolution
		{32E78D48-CF97-493B-8C01-4E9F8D2B3530} = {303365E1-5845-498B-8AB5-74729D361A38}
	EndGlobalSection
	GlobalSection(ExtensibilityGlobals) = postSolution
		SolutionGuid = {29790640-855D-4D2D-A4A5-F851C69E597B}
	EndGlobalSection
EndGlobal
